
Microsoft Visual Studio Solution File, Format Version 12.00
# Visual Studio Version 16
VisualStudioVersion = 16.0.29709.97
MinimumVisualStudioVersion = 10.0.40219.1
Project("{F184B08F-C81C-45F6-A57F-5ABD9991F28F}") = "ChunkAndOptSummariesExample", "ChunkAndOptSummariesExample\ChunkAndOptSummariesExample.vbproj", "{EA830AA6-2D16-4FA8-9734-9890D9736D14}"
EndProject
Project("{F184B08F-C81C-45F6-A57F-5ABD9991F28F}") = "BeginEndDataUpdateExample", "BeginEndDataUpdateExample\BeginEndDataUpdateExample.vbproj", "{22445A8E-BDAB-47B0-A57A-5DF7AEB1D7DF}"
EndProject
Project("{F184B08F-C81C-45F6-A57F-5ABD9991F28F}") = "RefreshDataExample", "RefreshDataExample\RefreshDataExample.vbproj", "{7CD307FD-31EC-4F17-A63E-791C901A5321}"
EndProject
Global
	GlobalSection(SolutionConfigurationPlatforms) = preSolution
		Debug|Any CPU = Debug|Any CPU
		Release|Any CPU = Release|Any CPU
	EndGlobalSection
	GlobalSection(ProjectConfigurationPlatforms) = postSolution
		{EA830AA6-2D16-4FA8-9734-9890D9736D14}.Debug|Any CPU.ActiveCfg = Debug|Any CPU
		{EA830AA6-2D16-4FA8-9734-9890D9736D14}.Debug|Any CPU.Build.0 = Debug|Any CPU
		{EA830AA6-2D16-4FA8-9734-9890D9736D14}.Release|Any CPU.ActiveCfg = Release|Any CPU
		{EA830AA6-2D16-4FA8-9734-9890D9736D14}.Release|Any CPU.Build.0 = Release|Any CPU
		{22445A8E-BDAB-47B0-A57A-5DF7AEB1D7DF}.Debug|Any CPU.ActiveCfg = Debug|Any CPU
		{22445A8E-BDAB-47B0-A57A-5DF7AEB1D7DF}.Debug|Any CPU.Build.0 = Debug|Any CPU
		{22445A8E-BDAB-47B0-A57A-5DF7AEB1D7DF}.Release|Any CPU.ActiveCfg = Release|Any CPU
		{22445A8E-BDAB-47B0-A57A-5DF7AEB1D7DF}.Release|Any CPU.Build.0 = Release|Any CPU
		{7CD307FD-31EC-4F17-A63E-791C901A5321}.Debug|Any CPU.ActiveCfg = Debug|Any CPU
		{7CD307FD-31EC-4F17-A63E-791C901A5321}.Debug|Any CPU.Build.0 = Debug|Any CPU
		{7CD307FD-31EC-4F17-A63E-791C901A5321}.Release|Any CPU.ActiveCfg = Release|Any CPU
		{7CD307FD-31EC-4F17-A63E-791C901A5321}.Release|Any CPU.Build.0 = Release|Any CPU
	EndGlobalSection
	GlobalSection(SolutionProperties) = preSolution
		HideSolutionNode = FALSE
	EndGlobalSection
	GlobalSection(ExtensibilityGlobals) = postSolution
		SolutionGuid = {DBF9D9C8-5CE0-42E0-B71D-6997657E4244}
	EndGlobalSection
EndGlobal
